
Microsoft Visual Studio Solution File, Format Version 12.00
# Visual Studio Express 2013 for Windows Desktop
VisualStudioVersion = 12.0.21005.1
MinimumVisualStudioVersion = 10.0.40219.1
Project("{8BC9CEB8-8B4A-11D0-8D11-00A0C91BC942}") = "prII_class", "prII_class\prII_class.vcxproj", "{8CB9AE1F-3359-4EB0-A37F-6862F5C41DB3}"
EndProject
Project("{8BC9CEB8-8B4A-11D0-8D11-00A0C91BC942}") = "KeyValue", "..\..\PRGII\KeyValue\KeyValue.vcxproj", "{E42BE9C0-59FD-4036-9E44-6459A7A53C6C}"
EndProject
Global
	GlobalSection(SolutionConfigurationPlatforms) = preSolution
		Debug|Win32 = Debug|Win32
		Release|Win32 = Release|Win32
	EndGlobalSection
	GlobalSection(ProjectConfigurationPlatforms) = postSolution
		{8CB9AE1F-3359-4EB0-A37F-6862F5C41DB3}.Debug|Win32.ActiveCfg = Debug|Win32
		{8CB9AE1F-3359-4EB0-A37F-6862F5C41DB3}.Debug|Win32.Build.0 = Debug|Win32
		{8CB9AE1F-3359-4EB0-A37F-6862F5C41DB3}.Release|Win32.ActiveCfg = Release|Win32
		{8CB9AE1F-3359-4EB0-A37F-6862F5C41DB3}.Release|Win32.Build.0 = Release|Win32
		{E42BE9C0-59FD-4036-9E44-6459A7A53C6C}.Debug|Win32.ActiveCfg = Debug|Win32
		{E42BE9C0-59FD-4036-9E44-6459A7A53C6C}.Debug|Win32.Build.0 = Debug|Win32
		{E42BE9C0-59FD-4036-9E44-6459A7A53C6C}.Release|Win32.ActiveCfg = Release|Win32
		{E42BE9C0-59FD-4036-9E44-6459A7A53C6C}.Release|Win32.Build.0 = Release|Win32
	EndGlobalSection
	GlobalSection(SolutionProperties) = preSolution
		HideSolutionNode = FALSE
	EndGlobalSection
EndGlobal
